
Microsoft Visual Studio Solution File, Format Version 12.00
# Visual Studio Version 16
VisualStudioVersion = 16.0.31025.194
MinimumVisualStudioVersion = 10.0.40219.1
Project("{2150E333-8FDC-42A3-9474-1A3956D46DE8}") = "src", "src", "{E6E2626A-923B-44F5-8933-C18A44486886}"
EndProject
Project("{2150E333-8FDC-42A3-9474-1A3956D46DE8}") = "test", "test", "{BF91572D-9CEB-49CF-BC44-8EFFC18F5D48}"
EndProject
Project("{2150E333-8FDC-42A3-9474-1A3956D46DE8}") = "Core", "Core", "{138321ED-0883-423A-A3C8-D6A01083DDD2}"
EndProject
Project("{2150E333-8FDC-42A3-9474-1A3956D46DE8}") = "API", "API", "{3E8F932E-0106-41D5-B989-D8DBCF28FA46}"
EndProject
Project("{2150E333-8FDC-42A3-9474-1A3956D46DE8}") = "Infrastructure", "Infrastructure", "{DE19BB35-80F3-49EA-A9CF-BC6B07021113}"
EndProject
Project("{9A19103F-16F7-4668-BE54-9A1E7A4F7556}") = "KakaoExpenseClaim.ClaimManagement.Domain", "ExpenseClaim.ClaimManagement.Domain\KakaoExpenseClaim.ClaimManagement.Domain.csproj", "{C74E571A-EC33-43B5-B8BC-8B973B57AFEE}"
EndProject
Project("{9A19103F-16F7-4668-BE54-9A1E7A4F7556}") = "KakaoExpenseClaim.ClaimManagement.Application", "ExpenseClaim.ClaimManagement.Application\KakaoExpenseClaim.ClaimManagement.Application.csproj", "{DE4B7925-7BA2-4994-906F-2CBDCBB9A167}"
EndProject
Project("{9A19103F-16F7-4668-BE54-9A1E7A4F7556}") = "KakaoExpenseClaim.ClaimManagement.Persistence", "KakaoExpenseClaim.ClaimManagement.Persistence\KakaoExpenseClaim.ClaimManagement.Persistence.csproj", "{E94B4435-28F4-47B0-9DF6-40EB34129465}"
EndProject
Project("{9A19103F-16F7-4668-BE54-9A1E7A4F7556}") = "KakaoExpenseClaim.ClaimManagement.Infrastructure", "KakaoExpenseClaim.ClaimManagement.Infrastructure\KakaoExpenseClaim.ClaimManagement.Infrastructure.csproj", "{8F573954-E652-4D55-A2F5-1AE42155B107}"
EndProject
Project("{9A19103F-16F7-4668-BE54-9A1E7A4F7556}") = "KakaoExpenseClaim.ClaimManagement.Api", "KakaoExpenseClaim.ClaimManagement.Api\KakaoExpenseClaim.ClaimManagement.Api.csproj", "{59979027-1B2F-4BDB-9ACD-DC11260DE20A}"
EndProject
Project("{2150E333-8FDC-42A3-9474-1A3956D46DE8}") = "UI", "UI", "{44F77FC4-736F-46E8-B620-6ECF29B1CCC9}"
EndProject
Project("{FAE04EC0-301F-11D3-BF4B-00C04F79EFBC}") = "KakaoExpenseClaim.ClaimManagement.App", "KakaoExpenseClaim.ClaimManagement.App\KakaoExpenseClaim.ClaimManagement.App.csproj", "{898745FB-3F59-4644-B348-9CEC2B204757}"
EndProject
Global
	GlobalSection(SolutionConfigurationPlatforms) = preSolution
		Debug|Any CPU = Debug|Any CPU
		Release|Any CPU = Release|Any CPU
	EndGlobalSection
	GlobalSection(ProjectConfigurationPlatforms) = postSolution
		{C74E571A-EC33-43B5-B8BC-8B973B57AFEE}.Debug|Any CPU.ActiveCfg = Debug|Any CPU
		{C74E571A-EC33-43B5-B8BC-8B973B57AFEE}.Debug|Any CPU.Build.0 = Debug|Any CPU
		{C74E571A-EC33-43B5-B8BC-8B973B57AFEE}.Release|Any CPU.ActiveCfg = Release|Any CPU
		{C74E571A-EC33-43B5-B8BC-8B973B57AFEE}.Release|Any CPU.Build.0 = Release|Any CPU
		{DE4B7925-7BA2-4994-906F-2CBDCBB9A167}.Debug|Any CPU.ActiveCfg = Debug|Any CPU
		{DE4B7925-7BA2-4994-906F-2CBDCBB9A167}.Debug|Any CPU.Build.0 = Debug|Any CPU
		{DE4B7925-7BA2-4994-906F-2CBDCBB9A167}.Release|Any CPU.ActiveCfg = Release|Any CPU
		{DE4B7925-7BA2-4994-906F-2CBDCBB9A167}.Release|Any CPU.Build.0 = Release|Any CPU
		{E94B4435-28F4-47B0-9DF6-40EB34129465}.Debug|Any CPU.ActiveCfg = Debug|Any CPU
		{E94B4435-28F4-47B0-9DF6-40EB34129465}.Debug|Any CPU.Build.0 = Debug|Any CPU
		{E94B4435-28F4-47B0-9DF6-40EB34129465}.Release|Any CPU.ActiveCfg = Release|Any CPU
		{E94B4435-28F4-47B0-9DF6-40EB34129465}.Release|Any CPU.Build.0 = Release|Any CPU
		{8F573954-E652-4D55-A2F5-1AE42155B107}.Debug|Any CPU.ActiveCfg = Debug|Any CPU
		{8F573954-E652-4D55-A2F5-1AE42155B107}.Debug|Any CPU.Build.0 = Debug|Any CPU
		{8F573954-E652-4D55-A2F5-1AE42155B107}.Release|Any CPU.ActiveCfg = Release|Any CPU
		{8F573954-E652-4D55-A2F5-1AE42155B107}.Release|Any CPU.Build.0 = Release|Any CPU
		{59979027-1B2F-4BDB-9ACD-DC11260DE20A}.Debug|Any CPU.ActiveCfg = Debug|Any CPU
		{59979027-1B2F-4BDB-9ACD-DC11260DE20A}.Debug|Any CPU.Build.0 = Debug|Any CPU
		{59979027-1B2F-4BDB-9ACD-DC11260DE20A}.Release|Any CPU.ActiveCfg = Release|Any CPU
		{59979027-1B2F-4BDB-9ACD-DC11260DE20A}.Release|Any CPU.Build.0 = Release|Any CPU
		{898745FB-3F59-4644-B348-9CEC2B204757}.Debug|Any CPU.ActiveCfg = Debug|Any CPU
		{898745FB-3F59-4644-B348-9CEC2B204757}.Debug|Any CPU.Build.0 = Debug|Any CPU
		{898745FB-3F59-4644-B348-9CEC2B204757}.Release|Any CPU.ActiveCfg = Release|Any CPU
		{898745FB-3F59-4644-B348-9CEC2B204757}.Release|Any CPU.Build.0 = Release|Any CPU
	EndGlobalSection
	GlobalSection(SolutionProperties) = preSolution
		HideSolutionNode = FALSE
	EndGlobalSection
	GlobalSection(NestedProjects) = preSolution
		{138321ED-0883-423A-A3C8-D6A01083DDD2} = {E6E2626A-923B-44F5-8933-C18A44486886}
		{3E8F932E-0106-41D5-B989-D8DBCF28FA46} = {E6E2626A-923B-44F5-8933-C18A44486886}
		{DE19BB35-80F3-49EA-A9CF-BC6B07021113} = {E6E2626A-923B-44F5-8933-C18A44486886}
		{C74E571A-EC33-43B5-B8BC-8B973B57AFEE} = {138321ED-0883-423A-A3C8-D6A01083DDD2}
		{DE4B7925-7BA2-4994-906F-2CBDCBB9A167} = {138321ED-0883-423A-A3C8-D6A01083DDD2}
		{E94B4435-28F4-47B0-9DF6-40EB34129465} = {DE19BB35-80F3-49EA-A9CF-BC6B07021113}
		{8F573954-E652-4D55-A2F5-1AE42155B107} = {DE19BB35-80F3-49EA-A9CF-BC6B07021113}
		{59979027-1B2F-4BDB-9ACD-DC11260DE20A} = {3E8F932E-0106-41D5-B989-D8DBCF28FA46}
		{44F77FC4-736F-46E8-B620-6ECF29B1CCC9} = {E6E2626A-923B-44F5-8933-C18A44486886}
		{898745FB-3F59-4644-B348-9CEC2B204757} = {44F77FC4-736F-46E8-B620-6ECF29B1CCC9}
	EndGlobalSection
	GlobalSection(ExtensibilityGlobals) = postSolution
		SolutionGuid = {9B3B9518-A9D4-4D96-99D4-FA15E19E9E4E}
	EndGlobalSection
EndGlobal
